// !$*UTF8*$!
{
	archiveVersion = 1;
	classes = {
	};
	objectVersion = 56;
	objects = {

/* Begin PBXBuildFile section */
		C01CDA742BC1AC5900470D25 /* ApexPredatorsApp.swift in Sources */ = {isa = PBXBuildFile; fileRef = C01CDA732BC1AC5900470D25 /* ApexPredatorsApp.swift */; };
		C01CDA762BC1AC5900470D25 /* ContentView.swift in Sources */ = {isa = PBXBuildFile; fileRef = C01CDA752BC1AC5900470D25 /* ContentView.swift */; };
		C01CDA782BC1AC5A00470D25 /* Assets.xcassets in Resources */ = {isa = PBXBuildFile; fileRef = C01CDA772BC1AC5A00470D25 /* Assets.xcassets */; };
		C01CDA7B2BC1AC5A00470D25 /* Preview Assets.xcassets in Resources */ = {isa = PBXBuildFile; fileRef = C01CDA7A2BC1AC5A00470D25 /* Preview Assets.xcassets */; };
		C01CDA832BC1AF2200470D25 /* jpapexpredators.json in Resources */ = {isa = PBXBuildFile; fileRef = C01CDA822BC1AF2200470D25 /* jpapexpredators.json */; };
		C01CDA862BC1B2F200470D25 /* ApexPredator.swift in Sources */ = {isa = PBXBuildFile; fileRef = C01CDA852BC1B2F200470D25 /* ApexPredator.swift */; };
		C01CDA8B2BC1C67500470D25 /* CodableBundleExtension.swift in Sources */ = {isa = PBXBuildFile; fileRef = C01CDA8A2BC1C67500470D25 /* CodableBundleExtension.swift */; };
		C01CDA8E2BC1C7CE00470D25 /* Constant.swift in Sources */ = {isa = PBXBuildFile; fileRef = C01CDA8D2BC1C7CE00470D25 /* Constant.swift */; };
		C05254722BC640E0006AC5B3 /* Predators.swift in Sources */ = {isa = PBXBuildFile; fileRef = C05254712BC640E0006AC5B3 /* Predators.swift */; };
/* End PBXBuildFile section */

/* Begin PBXFileReference section */
		C01CDA702BC1AC5900470D25 /* ApexPredators.app */ = {isa = PBXFileReference; explicitFileType = wrapper.application; includeInIndex = 0; path = ApexPredators.app; sourceTree = BUILT_PRODUCTS_DIR; };
		C01CDA732BC1AC5900470D25 /* ApexPredatorsApp.swift */ = {isa = PBXFileReference; lastKnownFileType = sourcecode.swift; path = ApexPredatorsApp.swift; sourceTree = "<group>"; };
		C01CDA752BC1AC5900470D25 /* ContentView.swift */ = {isa = PBXFileReference; lastKnownFileType = sourcecode.swift; path = ContentView.swift; sourceTree = "<group>"; };
		C01CDA772BC1AC5A00470D25 /* Assets.xcassets */ = {isa = PBXFileReference; lastKnownFileType = folder.assetcatalog; path = Assets.xcassets; sourceTree = "<group>"; };
		C01CDA7A2BC1AC5A00470D25 /* Preview Assets.xcassets */ = {isa = PBXFileReference; lastKnownFileType = folder.assetcatalog; path = "Preview Assets.xcassets"; sourceTree = "<group>"; };
		C01CDA822BC1AF2200470D25 /* jpapexpredators.json */ = {isa = PBXFileReference; fileEncoding = 4; lastKnownFileType = text.json; path = jpapexpredators.json; sourceTree = "<group>"; };
		C01CDA852BC1B2F200470D25 /* ApexPredator.swift */ = {isa = PBXFileReference; lastKnownFileType = sourcecode.swift; path = ApexPredator.swift; sourceTree = "<group>"; };
		C01CDA8A2BC1C67500470D25 /* CodableBundleExtension.swift */ = {isa = PBXFileReference; lastKnownFileType = sourcecode.swift; path = CodableBundleExtension.swift; sourceTree = "<group>"; };
		C01CDA8D2BC1C7CE00470D25 /* Constant.swift */ = {isa = PBXFileReference; lastKnownFileType = sourcecode.swift; path = Constant.swift; sourceTree = "<group>"; };
		C05254712BC640E0006AC5B3 /* Predators.swift */ = {isa = PBXFileReference; lastKnownFileType = sourcecode.swift; path = Predators.swift; sourceTree = "<group>"; };
/* End PBXFileReference section */

/* Begin PBXFrameworksBuildPhase section */
		C01CDA6D2BC1AC5900470D25 /* Frameworks */ = {
			isa = PBXFrameworksBuildPhase;
			buildActionMask = 2147483647;
			files = (
			);
			runOnlyForDeploymentPostprocessing = 0;
		};
/* End PBXFrameworksBuildPhase section */

/* Begin PBXGroup section */
		C01CDA672BC1AC5900470D25 = {
			isa = PBXGroup;
			children = (
				C01CDA722BC1AC5900470D25 /* ApexPredators */,
				C01CDA712BC1AC5900470D25 /* Products */,
			);
			sourceTree = "<group>";
		};
		C01CDA712BC1AC5900470D25 /* Products */ = {
			isa = PBXGroup;
			children = (
				C01CDA702BC1AC5900470D25 /* ApexPredators.app */,
			);
			name = Products;
			sourceTree = "<group>";
		};
		C01CDA722BC1AC5900470D25 /* ApexPredators */ = {
			isa = PBXGroup;
			children = (
				C01CDA8C2BC1C7BE00470D25 /* Utility */,
				C01CDA892BC1C65900470D25 /* Extension */,
				C01CDA842BC1B2D200470D25 /* Model */,
				C01CDA812BC1AF1300470D25 /* data */,
				C01CDA732BC1AC5900470D25 /* ApexPredatorsApp.swift */,
				C01CDA752BC1AC5900470D25 /* ContentView.swift */,
				C01CDA772BC1AC5A00470D25 /* Assets.xcassets */,
				C01CDA792BC1AC5A00470D25 /* Preview Content */,
			);
			path = ApexPredators;
			sourceTree = "<group>";
		};
		C01CDA792BC1AC5A00470D25 /* Preview Content */ = {
			isa = PBXGroup;
			children = (
				C01CDA7A2BC1AC5A00470D25 /* Preview Assets.xcassets */,
			);
			path = "Preview Content";
			sourceTree = "<group>";
		};
		C01CDA812BC1AF1300470D25 /* data */ = {
			isa = PBXGroup;
			children = (
				C01CDA822BC1AF2200470D25 /* jpapexpredators.json */,
			);
			path = data;
			sourceTree = "<group>";
		};
		C01CDA842BC1B2D200470D25 /* Model */ = {
			isa = PBXGroup;
			children = (
				C01CDA852BC1B2F200470D25 /* ApexPredator.swift */,
				C05254712BC640E0006AC5B3 /* Predators.swift */,
			);
			path = Model;
			sourceTree = "<group>";
		};
		C01CDA892BC1C65900470D25 /* Extension */ = {
			isa = PBXGroup;
			children = (
				C01CDA8A2BC1C67500470D25 /* CodableBundleExtension.swift */,
			);
			path = Extension;
			sourceTree = "<group>";
		};
		C01CDA8C2BC1C7BE00470D25 /* Utility */ = {
			isa = PBXGroup;
			children = (
				C01CDA8D2BC1C7CE00470D25 /* Constant.swift */,
			);
			path = Utility;
			sourceTree = "<group>";
		};
/* End PBXGroup section */

/* Begin PBXNativeTarget section */
		C01CDA6F2BC1AC5900470D25 /* ApexPredators */ = {
			isa = PBXNativeTarget;
			buildConfigurationList = C01CDA7E2BC1AC5A00470D25 /* Build configuration list for PBXNativeTarget "ApexPredators" */;
			buildPhases = (
				C01CDA6C2BC1AC5900470D25 /* Sources */,
				C01CDA6D2BC1AC5900470D25 /* Frameworks */,
				C01CDA6E2BC1AC5900470D25 /* Resources */,
			);
			buildRules = (
			);
			dependencies = (
			);
			name = ApexPredators;
			productName = ApexPredators;
			productReference = C01CDA702BC1AC5900470D25 /* ApexPredators.app */;
			productType = "com.apple.product-type.application";
		};
/* End PBXNativeTarget section */

/* Begin PBXProject section */
		C01CDA682BC1AC5900470D25 /* Project object */ = {
			isa = PBXProject;
			attributes = {
				BuildIndependentTargetsInParallel = 1;
				LastSwiftUpdateCheck = 1530;
				LastUpgradeCheck = 1530;
				TargetAttributes = {
					C01CDA6F2BC1AC5900470D25 = {
						CreatedOnToolsVersion = 15.3;
					};
				};
			};
			buildConfigurationList = C01CDA6B2BC1AC5900470D25 /* Build configuration list for PBXProject "ApexPredators" */;
			compatibilityVersion = "Xcode 14.0";
			developmentRegion = en;
			hasScannedForEncodings = 0;
			knownRegions = (
				en,
				Base,
			);
			mainGroup = C01CDA672BC1AC5900470D25;
			productRefGroup = C01CDA712BC1AC5900470D25 /* Products */;
			projectDirPath = "";
			projectRoot = "";
			targets = (
				C01CDA6F2BC1AC5900470D25 /* ApexPredators */,
			);
		};
/* End PBXProject section */

/* Begin PBXResourcesBuildPhase section */
		C01CDA6E2BC1AC5900470D25 /* Resources */ = {
			isa = PBXResourcesBuildPhase;
			buildActionMask = 2147483647;
			files = (
				C01CDA7B2BC1AC5A00470D25 /* Preview Assets.xcassets in Resources */,
				C01CDA782BC1AC5A00470D25 /* Assets.xcassets in Resources */,
				C01CDA832BC1AF2200470D25 /* jpapexpredators.json in Resources */,
			);
			runOnlyForDeploymentPostprocessing = 0;
		};
/* End PBXResourcesBuildPhase section */

/* Begin PBXSourcesBuildPhase section */
		C01CDA6C2BC1AC5900470D25 /* Sources */ = {
			isa = PBXSourcesBuildPhase;
			buildActionMask = 2147483647;
			files = (
				C01CDA862BC1B2F200470D25 /* ApexPredator.swift in Sources */,
				C01CDA762BC1AC5900470D25 /* ContentView.swift in Sources */,
				C01CDA742BC1AC5900470D25 /* ApexPredatorsApp.swift in Sources */,
				C01CDA8B2BC1C67500470D25 /* CodableBundleExtension.swift in Sources */,
				C05254722BC640E0006AC5B3 /* Predators.swift in Sources */,
				C01CDA8E2BC1C7CE00470D25 /* Constant.swift in Sources */,
			);
			runOnlyForDeploymentPostprocessing = 0;
		};
/* End PBXSourcesBuildPhase section */

/* Begin XCBuildConfiguration section */
		C01CDA7C2BC1AC5A00470D25 /* Debug */ = {
			isa = XCBuildConfiguration;
			buildSettings = {
				ALWAYS_SEARCH_USER_PATHS = NO;
				ASSETCATALOG_COMPILER_GENERATE_SWIFT_ASSET_SYMBOL_EXTENSIONS = YES;
				CLANG_ANALYZER_NONNULL = YES;
				CLANG_ANALYZER_NUMBER_OBJECT_CONVERSION = YES_AGGRESSIVE;
				CLANG_CXX_LANGUAGE_STANDARD = "gnu++20";
				CLANG_ENABLE_MODULES = YES;
				CLANG_ENABLE_OBJC_ARC = YES;
				CLANG_ENABLE_OBJC_WEAK = YES;
				CLANG_WARN_BLOCK_CAPTURE_AUTORELEASING = YES;
				CLANG_WARN_BOOL_CONVERSION = YES;
				CLANG_WARN_COMMA = YES;
				CLANG_WARN_CONSTANT_CONVERSION = YES;
				CLANG_WARN_DEPRECATED_OBJC_IMPLEMENTATIONS = YES;
				CLANG_WARN_DIRECT_OBJC_ISA_USAGE = YES_ERROR;
				CLANG_WARN_DOCUMENTATION_COMMENTS = YES;
				CLANG_WARN_EMPTY_BODY = YES;
				CLANG_WARN_ENUM_CONVERSION = YES;
				CLANG_WARN_INFINITE_RECURSION = YES;
				CLANG_WARN_INT_CONVERSION = YES;
				CLANG_WARN_NON_LITERAL_NULL_CONVERSION = YES;
				CLANG_WARN_OBJC_IMPLICIT_RETAIN_SELF = YES;
				CLANG_WARN_OBJC_LITERAL_CONVERSION = YES;
				CLANG_WARN_OBJC_ROOT_CLASS = YES_ERROR;
				CLANG_WARN_QUOTED_INCLUDE_IN_FRAMEWORK_HEADER = YES;
				CLANG_WARN_RANGE_LOOP_ANALYSIS = YES;
				CLANG_WARN_STRICT_PROTOTYPES = YES;
				CLANG_WARN_SUSPICIOUS_MOVE = YES;
				CLANG_WARN_UNGUARDED_AVAILABILITY = YES_AGGRESSIVE;
				CLANG_WARN_UNREACHABLE_CODE = YES;
				CLANG_WARN__DUPLICATE_METHOD_MATCH = YES;
				COPY_PHASE_STRIP = NO;
				DEBUG_INFORMATION_FORMAT = dwarf;
				ENABLE_STRICT_OBJC_MSGSEND = YES;
				ENABLE_TESTABILITY = YES;
				ENABLE_USER_SCRIPT_SANDBOXING = YES;
				GCC_C_LANGUAGE_STANDARD = gnu17;
				GCC_DYNAMIC_NO_PIC = NO;
				GCC_NO_COMMON_BLOCKS = YES;
				GCC_OPTIMIZATION_LEVEL = 0;
				GCC_PREPROCESSOR_DEFINITIONS = (
					"DEBUG=1",
					"$(inherited)",
				);
				GCC_WARN_64_TO_32_BIT_CONVERSION = YES;
				GCC_WARN_ABOUT_RETURN_TYPE = YES_ERROR;
				GCC_WARN_UNDECLARED_SELECTOR = YES;
				GCC_WARN_UNINITIALIZED_AUTOS = YES_AGGRESSIVE;
				GCC_WARN_UNUSED_FUNCTION = YES;
				GCC_WARN_UNUSED_VARIABLE = YES;
				IPHONEOS_DEPLOYMENT_TARGET = 17.4;
				LOCALIZATION_PREFERS_STRING_CATALOGS = YES;
				MTL_ENABLE_DEBUG_INFO = INCLUDE_SOURCE;
				MTL_FAST_MATH = YES;
				ONLY_ACTIVE_ARCH = YES;
				SDKROOT = iphoneos;
				SWIFT_ACTIVE_COMPILATION_CONDITIONS = "DEBUG $(inherited)";
				SWIFT_OPTIMIZATION_LEVEL = "-Onone";
			};
			name = Debug;
		};
		C01CDA7D2BC1AC5A00470D25 /* Release */ = {
			isa = XCBuildConfiguration;
			buildSettings = {
				ALWAYS_SEARCH_USER_PATHS = NO;
				ASSETCATALOG_COMPILER_GENERATE_SWIFT_ASSET_SYMBOL_EXTENSIONS = YES;
				CLANG_ANALYZER_NONNULL = YES;
				CLANG_ANALYZER_NUMBER_OBJECT_CONVERSION = YES_AGGRESSIVE;
				CLANG_CXX_LANGUAGE_STANDARD = "gnu++20";
				CLANG_ENABLE_MODULES = YES;
				CLANG_ENABLE_OBJC_ARC = YES;
				CLANG_ENABLE_OBJC_WEAK = YES;
				CLANG_WARN_BLOCK_CAPTURE_AUTORELEASING = YES;
				CLANG_WARN_BOOL_CONVERSION = YES;
				CLANG_WARN_COMMA = YES;
				CLANG_WARN_CONSTANT_CONVERSION = YES;
				CLANG_WARN_DEPRECATED_OBJC_IMPLEMENTATIONS = YES;
				CLANG_WARN_DIRECT_OBJC_ISA_USAGE = YES_ERROR;
				CLANG_WARN_DOCUMENTATION_COMMENTS = YES;
				CLANG_WARN_EMPTY_BODY = YES;
				CLANG_WARN_ENUM_CONVERSION = YES;
				CLANG_WARN_INFINITE_RECURSION = YES;
				CLANG_WARN_INT_CONVERSION = YES;
				CLANG_WARN_NON_LITERAL_NULL_CONVERSION = YES;
				CLANG_WARN_OBJC_IMPLICIT_RETAIN_SELF = YES;
				CLANG_WARN_OBJC_LITERAL_CONVERSION = YES;
				CLANG_WARN_OBJC_ROOT_CLASS = YES_ERROR;
				CLANG_WARN_QUOTED_INCLUDE_IN_FRAMEWORK_HEADER = YES;
				CLANG_WARN_RANGE_LOOP_ANALYSIS = YES;
				CLANG_WARN_STRICT_PROTOTYPES = YES;
				CLANG_WARN_SUSPICIOUS_MOVE = YES;
				CLANG_WARN_UNGUARDED_AVAILABILITY = YES_AGGRESSIVE;
				CLANG_WARN_UNREACHABLE_CODE = YES;
				CLANG_WARN__DUPLICATE_METHOD_MATCH = YES;
				COPY_PHASE_STRIP = NO;
				DEBUG_INFORMATION_FORMAT = "dwarf-with-dsym";
				ENABLE_NS_ASSERTIONS = NO;
				ENABLE_STRICT_OBJC_MSGSEND = YES;
				ENABLE_USER_SCRIPT_SANDBOXING = YES;
				GCC_C_LANGUAGE_STANDARD = gnu17;
				GCC_NO_COMMON_BLOCKS = YES;
				GCC_WARN_64_TO_32_BIT_CONVERSION = YES;
				GCC_WARN_ABOUT_RETURN_TYPE = YES_ERROR;
				GCC_WARN_UNDECLARED_SELECTOR = YES;
				GCC_WARN_UNINITIALIZED_AUTOS = YES_AGGRESSIVE;
				GCC_WARN_UNUSED_FUNCTION = YES;
				GCC_WARN_UNUSED_VARIABLE = YES;
				IPHONEOS_DEPLOYMENT_TARGET = 17.4;
				LOCALIZATION_PREFERS_STRING_CATALOGS = YES;
				MTL_ENABLE_DEBUG_INFO = NO;
				MTL_FAST_MATH = YES;
				SDKROOT = iphoneos;
				SWIFT_COMPILATION_MODE = wholemodule;
				VALIDATE_PRODUCT = YES;
			};
			name = Release;
		};
		C01CDA7F2BC1AC5A00470D25 /* Debug */ = {
			isa = XCBuildConfiguration;
			buildSettings = {
				ASSETCATALOG_COMPILER_APPICON_NAME = AppIcon;
				ASSETCATALOG_COMPILER_GLOBAL_ACCENT_COLOR_NAME = AccentColor;
				CODE_SIGN_STYLE = Automatic;
				CURRENT_PROJECT_VERSION = 1;
				DEVELOPMENT_ASSET_PATHS = "\"ApexPredators/Preview Content\"";
				DEVELOPMENT_TEAM = UHCN8F9756;
				ENABLE_PREVIEWS = YES;
				GENERATE_INFOPLIST_FILE = YES;
				INFOPLIST_KEY_UIApplicationSceneManifest_Generation = YES;
				INFOPLIST_KEY_UIApplicationSupportsIndirectInputEvents = YES;
				INFOPLIST_KEY_UILaunchScreen_Generation = YES;
				INFOPLIST_KEY_UISupportedInterfaceOrientations_iPad = "UIInterfaceOrientationPortrait UIInterfaceOrientationPortraitUpsideDown UIInterfaceOrientationLandscapeLeft UIInterfaceOrientationLandscapeRight";
				INFOPLIST_KEY_UISupportedInterfaceOrientations_iPhone = "UIInterfaceOrientationPortrait UIInterfaceOrientationLandscapeLeft UIInterfaceOrientationLandscapeRight";
				LD_RUNPATH_SEARCH_PATHS = (
					"$(inherited)",
					"@executable_path/Frameworks",
				);
				MARKETING_VERSION = 1.0;
				PRODUCT_BUNDLE_IDENTIFIER = com.eymard.chad.ApexPredators;
				PRODUCT_NAME = "$(TARGET_NAME)";
				SWIFT_EMIT_LOC_STRINGS = YES;
				SWIFT_VERSION = 5.0;
				TARGETED_DEVICE_FAMILY = "1,2";
			};
			name = Debug;
		};
		C01CDA802BC1AC5A00470D25 /* Release */ = {
			isa = XCBuildConfiguration;
			buildSettings = {
				ASSETCATALOG_COMPILER_APPICON_NAME = AppIcon;
				ASSETCATALOG_COMPILER_GLOBAL_ACCENT_COLOR_NAME = AccentColor;
				CODE_SIGN_STYLE = Automatic;
				CURRENT_PROJECT_VERSION = 1;
				DEVELOPMENT_ASSET_PATHS = "\"ApexPredators/Preview Content\"";
				DEVELOPMENT_TEAM = UHCN8F9756;
				ENABLE_PREVIEWS = YES;
				GENERATE_INFOPLIST_FILE = YES;
				INFOPLIST_KEY_UIApplicationSceneManifest_Generation = YES;
				INFOPLIST_KEY_UIApplicationSupportsIndirectInputEvents = YES;
				INFOPLIST_KEY_UILaunchScreen_Generation = YES;
				INFOPLIST_KEY_UISupportedInterfaceOrientations_iPad = "UIInterfaceOrientationPortrait UIInterfaceOrientationPortraitUpsideDown UIInterfaceOrientationLandscapeLeft UIInterfaceOrientationLandscapeRight";
				INFOPLIST_KEY_UISupportedInterfaceOrientations_iPhone = "UIInterfaceOrientationPortrait UIInterfaceOrientationLandscapeLeft UIInterfaceOrientationLandscapeRight";
				LD_RUNPATH_SEARCH_PATHS = (
					"$(inherited)",
					"@executable_path/Frameworks",
				);
				MARKETING_VERSION = 1.0;
				PRODUCT_BUNDLE_IDENTIFIER = com.eymard.chad.ApexPredators;
				PRODUCT_NAME = "$(TARGET_NAME)";
				SWIFT_EMIT_LOC_STRINGS = YES;
				SWIFT_VERSION = 5.0;
				TARGETED_DEVICE_FAMILY = "1,2";
			};
			name = Release;
		};
/* End XCBuildConfiguration section */

/* Begin XCConfigurationList section */
		C01CDA6B2BC1AC5900470D25 /* Build configuration list for PBXProject "ApexPredators" */ = {
			isa = XCConfigurationList;
			buildConfigurations = (
				C01CDA7C2BC1AC5A00470D25 /* Debug */,
				C01CDA7D2BC1AC5A00470D25 /* Release */,
			);
			defaultConfigurationIsVisible = 0;
			defaultConfigurationName = Release;
		};
		C01CDA7E2BC1AC5A00470D25 /* Build configuration list for PBXNativeTarget "ApexPredators" */ = {
			isa = XCConfigurationList;
			buildConfigurations = (
				C01CDA7F2BC1AC5A00470D25 /* Debug */,
				C01CDA802BC1AC5A00470D25 /* Release */,
			);
			defaultConfigurationIsVisible = 0;
			defaultConfigurationName = Release;
		};
/* End XCConfigurationList section */
	};
	rootObject = C01CDA682BC1AC5900470D25 /* Project object */;
}
